// !$*UTF8*$!
{
	archiveVersion = 1;
	classes = {
	};
	objectVersion = 46;
	objects = {

/* Begin PBXAggregateTarget section */
		7667347E1B7353700017CE58 /* Mogenerator */ = {
			isa = PBXAggregateTarget;
			buildConfigurationList = 7667347F1B7353700017CE58 /* Build configuration list for PBXAggregateTarget "Mogenerator" */;
			buildPhases = (
				766734821B7353890017CE58 /* ShellScript */,
			);
			dependencies = (
			);
			name = Mogenerator;
			productName = Mogenerator;
		};
/* End PBXAggregateTarget section */

/* Begin PBXBuildFile section */
		760345171B736D0C00CC380D /* AddPlaylistCollectionViewCell.m in Sources */ = {isa = PBXBuildFile; fileRef = 760345161B736D0C00CC380D /* AddPlaylistCollectionViewCell.m */; };
		760345191B736F2F00CC380D /* avatar_icon_add.png in Resources */ = {isa = PBXBuildFile; fileRef = 760345181B736F2F00CC380D /* avatar_icon_add.png */; };
		7603451B1B736F8900CC380D /* Main.storyboard in Resources */ = {isa = PBXBuildFile; fileRef = 7603451A1B736F8900CC380D /* Main.storyboard */; };
		7603451F1B7371C100CC380D /* SSCheckMark.m in Sources */ = {isa = PBXBuildFile; fileRef = 7603451E1B7371C100CC380D /* SSCheckMark.m */; };
		760345261B73761400CC380D /* SearchForPlaylistViewController.m in Sources */ = {isa = PBXBuildFile; fileRef = 760345251B73761400CC380D /* SearchForPlaylistViewController.m */; };
		760345291B73763B00CC380D /* MainScreenViewController.m in Sources */ = {isa = PBXBuildFile; fileRef = 760345271B73763B00CC380D /* MainScreenViewController.m */; };
		7603452D1B7385E400CC380D /* EpisodeDetailsViewController.m in Sources */ = {isa = PBXBuildFile; fileRef = 7603452C1B7385E400CC380D /* EpisodeDetailsViewController.m */; };
		760345321B73A17100CC380D /* StoreKit.framework in Frameworks */ = {isa = PBXBuildFile; fileRef = 760345311B73A17100CC380D /* StoreKit.framework */; };
		760345341B73D74200CC380D /* default_playlist.png in Resources */ = {isa = PBXBuildFile; fileRef = 760345331B73D74200CC380D /* default_playlist.png */; };
		7650952319D73C46000652E6 /* AddressBook.framework in Frameworks */ = {isa = PBXBuildFile; fileRef = 7650952219D73C46000652E6 /* AddressBook.framework */; };
		7650952519D73C4E000652E6 /* AssetsLibrary.framework in Frameworks */ = {isa = PBXBuildFile; fileRef = 7650952419D73C4E000652E6 /* AssetsLibrary.framework */; };
		7650952719D73C60000652E6 /* CoreLocation.framework in Frameworks */ = {isa = PBXBuildFile; fileRef = 7650952619D73C60000652E6 /* CoreLocation.framework */; };
		7650952A19D73C71000652E6 /* CoreMotion.framework in Frameworks */ = {isa = PBXBuildFile; fileRef = 7650952819D73C71000652E6 /* CoreMotion.framework */; };
		7650952B19D73C71000652E6 /* CoreText.framework in Frameworks */ = {isa = PBXBuildFile; fileRef = 7650952919D73C71000652E6 /* CoreText.framework */; };
		7650952D19D73C8D000652E6 /* Security.framework in Frameworks */ = {isa = PBXBuildFile; fileRef = 7650952C19D73C8D000652E6 /* Security.framework */; };
		7650952F19D73C96000652E6 /* SystemConfiguration.framework in Frameworks */ = {isa = PBXBuildFile; fileRef = 7650952E19D73C96000652E6 /* SystemConfiguration.framework */; };
		766733501B734BC70017CE58 /* FXBlurView.m in Sources */ = {isa = PBXBuildFile; fileRef = 766733451B734BC70017CE58 /* FXBlurView.m */; };
		766733511B734BC70017CE58 /* Helper.m in Sources */ = {isa = PBXBuildFile; fileRef = 766733481B734BC70017CE58 /* Helper.m */; };
		766733531B734BE10017CE58 /* LaunchScreen.xib in Resources */ = {isa = PBXBuildFile; fileRef = 766733521B734BE10017CE58 /* LaunchScreen.xib */; };
		766733981B734C0D0017CE58 /* NSManagedObjectContext+MagicalRecord-Chen.m in Sources */ = {isa = PBXBuildFile; fileRef = 766733901B734C0D0017CE58 /* NSManagedObjectContext+MagicalRecord-Chen.m */; };
		766733991B734C0D0017CE58 /* UIImageView+UCZProgressView.m in Sources */ = {isa = PBXBuildFile; fileRef = 766733931B734C0D0017CE58 /* UIImageView+UCZProgressView.m */; };
		7667339A1B734C0D0017CE58 /* UIView+AutoLayout.m in Sources */ = {isa = PBXBuildFile; fileRef = 766733961B734C0D0017CE58 /* UIView+AutoLayout.m */; };
		766733B21B734C2A0017CE58 /* PlaylistCollectionViewCell.m in Sources */ = {isa = PBXBuildFile; fileRef = 766733A81B734C2A0017CE58 /* PlaylistCollectionViewCell.m */; };
		766734521B734C330017CE58 /* DebugAdapter.m in Sources */ = {isa = PBXBuildFile; fileRef = 766733FB1B734C330017CE58 /* DebugAdapter.m */; };
		766734541B734C330017CE58 /* InAppPurchaseAdapter.m in Sources */ = {isa = PBXBuildFile; fileRef = 766733FF1B734C330017CE58 /* InAppPurchaseAdapter.m */; };
		766734551B734C330017CE58 /* RegisterAdapter.m in Sources */ = {isa = PBXBuildFile; fileRef = 766734011B734C330017CE58 /* RegisterAdapter.m */; };
		766734561B734C330017CE58 /* UpdateAdapter.m in Sources */ = {isa = PBXBuildFile; fileRef = 766734031B734C330017CE58 /* UpdateAdapter.m */; };
		7667346F1B734C330017CE58 /* EntityModel.xcdatamodeld in Sources */ = {isa = PBXBuildFile; fileRef = 766734371B734C330017CE58 /* EntityModel.xcdatamodeld */; };
		766734731B734C330017CE58 /* CoreDataMediator.m in Sources */ = {isa = PBXBuildFile; fileRef = 766734471B734C330017CE58 /* CoreDataMediator.m */; };
		766734741B734C330017CE58 /* InAppPurchaseMediator.m in Sources */ = {isa = PBXBuildFile; fileRef = 766734491B734C330017CE58 /* InAppPurchaseMediator.m */; };
		7667347C1B734C590017CE58 /* TestReach.m in Sources */ = {isa = PBXBuildFile; fileRef = 7667347B1B734C590017CE58 /* TestReach.m */; };
		7667348F1B7356940017CE58 /* _Episode.m in Sources */ = {isa = PBXBuildFile; fileRef = 766734841B7356940017CE58 /* _Episode.m */; };
		766734901B7356940017CE58 /* _MyDetails.m in Sources */ = {isa = PBXBuildFile; fileRef = 766734861B7356940017CE58 /* _MyDetails.m */; };
		766734911B7356940017CE58 /* _Playlist.m in Sources */ = {isa = PBXBuildFile; fileRef = 766734881B7356940017CE58 /* _Playlist.m */; };
		766734921B7356940017CE58 /* Episode.m in Sources */ = {isa = PBXBuildFile; fileRef = 7667348A1B7356940017CE58 /* Episode.m */; };
		766734931B7356940017CE58 /* MyDetails.m in Sources */ = {isa = PBXBuildFile; fileRef = 7667348C1B7356940017CE58 /* MyDetails.m */; };
		766734941B7356940017CE58 /* Playlist.m in Sources */ = {isa = PBXBuildFile; fileRef = 7667348E1B7356940017CE58 /* Playlist.m */; };
		76938E69197D8D15006E0EE4 /* MediaPlayer.framework in Frameworks */ = {isa = PBXBuildFile; fileRef = 76938E68197D8D15006E0EE4 /* MediaPlayer.framework */; };
		76938E811989507E006E0EE4 /* Settings.bundle in Resources */ = {isa = PBXBuildFile; fileRef = 76938E801989507E006E0EE4 /* Settings.bundle */; };
		76938E831993EEF8006E0EE4 /* libsqlite3.dylib in Frameworks */ = {isa = PBXBuildFile; fileRef = 76938E821993EEF8006E0EE4 /* libsqlite3.dylib */; };
		76EE1AFD18F1754A0040FA71 /* Foundation.framework in Frameworks */ = {isa = PBXBuildFile; fileRef = 76EE1AFC18F1754A0040FA71 /* Foundation.framework */; };
		76EE1AFF18F1754A0040FA71 /* CoreGraphics.framework in Frameworks */ = {isa = PBXBuildFile; fileRef = 76EE1AFE18F1754A0040FA71 /* CoreGraphics.framework */; };
		76EE1B0118F1754A0040FA71 /* UIKit.framework in Frameworks */ = {isa = PBXBuildFile; fileRef = 76EE1B0018F1754A0040FA71 /* UIKit.framework */; };
		76EE1B0718F1754A0040FA71 /* InfoPlist.strings in Resources */ = {isa = PBXBuildFile; fileRef = 76EE1B0518F1754A0040FA71 /* InfoPlist.strings */; };
		76EE1B0918F1754A0040FA71 /* main.m in Sources */ = {isa = PBXBuildFile; fileRef = 76EE1B0818F1754A0040FA71 /* main.m */; };
		76EE1B0D18F1754A0040FA71 /* ChildTubeAppDelegate.m in Sources */ = {isa = PBXBuildFile; fileRef = 76EE1B0C18F1754A0040FA71 /* ChildTubeAppDelegate.m */; };
		76EE1B0F18F1754A0040FA71 /* Images.xcassets in Resources */ = {isa = PBXBuildFile; fileRef = 76EE1B0E18F1754A0040FA71 /* Images.xcassets */; };
		76EE1B1718F1754A0040FA71 /* Foundation.framework in Frameworks */ = {isa = PBXBuildFile; fileRef = 76EE1AFC18F1754A0040FA71 /* Foundation.framework */; };
		76EE1B1818F1754A0040FA71 /* UIKit.framework in Frameworks */ = {isa = PBXBuildFile; fileRef = 76EE1B0018F1754A0040FA71 /* UIKit.framework */; };
		76EE1B2018F1754A0040FA71 /* InfoPlist.strings in Resources */ = {isa = PBXBuildFile; fileRef = 76EE1B1E18F1754A0040FA71 /* InfoPlist.strings */; };
		76EE1B2218F1754A0040FA71 /* ChildTubeTests.m in Sources */ = {isa = PBXBuildFile; fileRef = 76EE1B2118F1754A0040FA71 /* ChildTubeTests.m */; };
		76EE1B6618F187DD0040FA71 /* anonymous.png in Resources */ = {isa = PBXBuildFile; fileRef = 76EE1B6518F187DD0040FA71 /* anonymous.png */; };
		F5E983772B84F4D8204EB062 /* libPods.a in Frameworks */ = {isa = PBXBuildFile; fileRef = 46946A58731EC40948F1F087 /* libPods.a */; };
/* End PBXBuildFile section */

/* Begin PBXContainerItemProxy section */
		76EE1B1918F1754A0040FA71 /* PBXContainerItemProxy */ = {
			isa = PBXContainerItemProxy;
			containerPortal = 76EE1AF118F175490040FA71 /* Project object */;
			proxyType = 1;
			remoteGlobalIDString = 76EE1AF818F175490040FA71;
			remoteInfo = ChildTube;
		};
/* End PBXContainerItemProxy section */

/* Begin PBXFileReference section */
		05F36F33B99E2B833CCB0EBD /* Pods.debug.xcconfig */ = {isa = PBXFileReference; includeInIndex = 1; lastKnownFileType = text.xcconfig; name = Pods.debug.xcconfig; path = "Pods/Target Support Files/Pods/Pods.debug.xcconfig"; sourceTree = "<group>"; };
		187977DF1E56EFA36F5AA5D7 /* Pods.release.xcconfig */ = {isa = PBXFileReference; includeInIndex = 1; lastKnownFileType = text.xcconfig; name = Pods.release.xcconfig; path = "Pods/Target Support Files/Pods/Pods.release.xcconfig"; sourceTree = "<group>"; };
		46946A58731EC40948F1F087 /* libPods.a */ = {isa = PBXFileReference; explicitFileType = archive.ar; includeInIndex = 0; path = libPods.a; sourceTree = BUILT_PRODUCTS_DIR; };
		7601D41C19263E9600ABDFBF /* Pods.xcconfig */ = {isa = PBXFileReference; fileEncoding = 4; lastKnownFileType = text.xcconfig; name = Pods.xcconfig; path = ChildTube/Pods.xcconfig; sourceTree = "<group>"; };
		760345151B736D0C00CC380D /* AddPlaylistCollectionViewCell.h */ = {isa = PBXFileReference; fileEncoding = 4; lastKnownFileType = sourcecode.c.h; path = AddPlaylistCollectionViewCell.h; sourceTree = "<group>"; };
		760345161B736D0C00CC380D /* AddPlaylistCollectionViewCell.m */ = {isa = PBXFileReference; fileEncoding = 4; lastKnownFileType = sourcecode.c.objc; path = AddPlaylistCollectionViewCell.m; sourceTree = "<group>"; };
		760345181B736F2F00CC380D /* avatar_icon_add.png */ = {isa = PBXFileReference; lastKnownFileType = image.png; path = avatar_icon_add.png; sourceTree = "<group>"; };
		7603451A1B736F8900CC380D /* Main.storyboard */ = {isa = PBXFileReference; fileEncoding = 4; lastKnownFileType = file.storyboard; name = Main.storyboard; path = Storyboards/Main.storyboard; sourceTree = "<group>"; };
		7603451D1B7371C100CC380D /* SSCheckMark.h */ = {isa = PBXFileReference; fileEncoding = 4; lastKnownFileType = sourcecode.c.h; name = SSCheckMark.h; path = SSCheckMark/SSCheckMark.h; sourceTree = "<group>"; };
		7603451E1B7371C100CC380D /* SSCheckMark.m */ = {isa = PBXFileReference; fileEncoding = 4; lastKnownFileType = sourcecode.c.objc; name = SSCheckMark.m; path = SSCheckMark/SSCheckMark.m; sourceTree = "<group>"; };
		760345241B73761400CC380D /* SearchForPlaylistViewController.h */ = {isa = PBXFileReference; fileEncoding = 4; lastKnownFileType = sourcecode.c.h; name = SearchForPlaylistViewController.h; path = Search/SearchForPlaylistViewController.h; sourceTree = "<group>"; };
		760345251B73761400CC380D /* SearchForPlaylistViewController.m */ = {isa = PBXFileReference; fileEncoding = 4; lastKnownFileType = sourcecode.c.objc; name = SearchForPlaylistViewController.m; path = Search/SearchForPlaylistViewController.m; sourceTree = "<group>"; };
		760345271B73763B00CC380D /* MainScreenViewController.m */ = {isa = PBXFileReference; fileEncoding = 4; lastKnownFileType = sourcecode.c.objc; name = MainScreenViewController.m; path = ChildTube/Controllers/MainScreen/MainScreenViewController.m; sourceTree = SOURCE_ROOT; };
		760345281B73763B00CC380D /* MainScreenViewController.h */ = {isa = PBXFileReference; fileEncoding = 4; lastKnownFileType = sourcecode.c.h; name = MainScreenViewController.h; path = ChildTube/Controllers/MainScreen/MainScreenViewController.h; sourceTree = SOURCE_ROOT; };
		7603452B1B7385E400CC380D /* EpisodeDetailsViewController.h */ = {isa = PBXFileReference; fileEncoding = 4; lastKnownFileType = sourcecode.c.h; name = EpisodeDetailsViewController.h; path = EpisodeDetails/EpisodeDetailsViewController.h; sourceTree = "<group>"; };
		7603452C1B7385E400CC380D /* EpisodeDetailsViewController.m */ = {isa = PBXFileReference; fileEncoding = 4; lastKnownFileType = sourcecode.c.objc; name = EpisodeDetailsViewController.m; path = EpisodeDetails/EpisodeDetailsViewController.m; sourceTree = "<group>"; };
		760345311B73A17100CC380D /* StoreKit.framework */ = {isa = PBXFileReference; lastKnownFileType = wrapper.framework; name = StoreKit.framework; path = System/Library/Frameworks/StoreKit.framework; sourceTree = SDKROOT; };
		760345331B73D74200CC380D /* default_playlist.png */ = {isa = PBXFileReference; lastKnownFileType = image.png; path = default_playlist.png; sourceTree = "<group>"; };
		7650952219D73C46000652E6 /* AddressBook.framework */ = {isa = PBXFileReference; lastKnownFileType = wrapper.framework; name = AddressBook.framework; path = System/Library/Frameworks/AddressBook.framework; sourceTree = SDKROOT; };
		7650952419D73C4E000652E6 /* AssetsLibrary.framework */ = {isa = PBXFileReference; lastKnownFileType = wrapper.framework; name = AssetsLibrary.framework; path = System/Library/Frameworks/AssetsLibrary.framework; sourceTree = SDKROOT; };
		7650952619D73C60000652E6 /* CoreLocation.framework */ = {isa = PBXFileReference; lastKnownFileType = wrapper.framework; name = CoreLocation.framework; path = System/Library/Frameworks/CoreLocation.framework; sourceTree = SDKROOT; };
		7650952819D73C71000652E6 /* CoreMotion.framework */ = {isa = PBXFileReference; lastKnownFileType = wrapper.framework; name = CoreMotion.framework; path = System/Library/Frameworks/CoreMotion.framework; sourceTree = SDKROOT; };
		7650952919D73C71000652E6 /* CoreText.framework */ = {isa = PBXFileReference; lastKnownFileType = wrapper.framework; name = CoreText.framework; path = System/Library/Frameworks/CoreText.framework; sourceTree = SDKROOT; };
		7650952C19D73C8D000652E6 /* Security.framework */ = {isa = PBXFileReference; lastKnownFileType = wrapper.framework; name = Security.framework; path = System/Library/Frameworks/Security.framework; sourceTree = SDKROOT; };
		7650952E19D73C96000652E6 /* SystemConfiguration.framework */ = {isa = PBXFileReference; lastKnownFileType = wrapper.framework; name = SystemConfiguration.framework; path = System/Library/Frameworks/SystemConfiguration.framework; sourceTree = SDKROOT; };
		766733441B734BC70017CE58 /* FXBlurView.h */ = {isa = PBXFileReference; fileEncoding = 4; lastKnownFileType = sourcecode.c.h; path = FXBlurView.h; sourceTree = "<group>"; };
		766733451B734BC70017CE58 /* FXBlurView.m */ = {isa = PBXFileReference; fileEncoding = 4; lastKnownFileType = sourcecode.c.objc; path = FXBlurView.m; sourceTree = "<group>"; };
		766733471B734BC70017CE58 /* Helper.h */ = {isa = PBXFileReference; fileEncoding = 4; lastKnownFileType = sourcecode.c.h; path = Helper.h; sourceTree = "<group>"; };
		766733481B734BC70017CE58 /* Helper.m */ = {isa = PBXFileReference; fileEncoding = 4; lastKnownFileType = sourcecode.c.objc; path = Helper.m; sourceTree = "<group>"; };
		766733521B734BE10017CE58 /* LaunchScreen.xib */ = {isa = PBXFileReference; fileEncoding = 4; lastKnownFileType = file.xib; path = LaunchScreen.xib; sourceTree = "<group>"; };
		7667338F1B734C0D0017CE58 /* NSManagedObjectContext+MagicalRecord-Chen.h */ = {isa = PBXFileReference; fileEncoding = 4; lastKnownFileType = sourcecode.c.h; path = "NSManagedObjectContext+MagicalRecord-Chen.h"; sourceTree = "<group>"; };
		766733901B734C0D0017CE58 /* NSManagedObjectContext+MagicalRecord-Chen.m */ = {isa = PBXFileReference; fileEncoding = 4; lastKnownFileType = sourcecode.c.objc; path = "NSManagedObjectContext+MagicalRecord-Chen.m"; sourceTree = "<group>"; };
		766733921B734C0D0017CE58 /* UIImageView+UCZProgressView.h */ = {isa = PBXFileReference; fileEncoding = 4; lastKnownFileType = sourcecode.c.h; path = "UIImageView+UCZProgressView.h"; sourceTree = "<group>"; };
		766733931B734C0D0017CE58 /* UIImageView+UCZProgressView.m */ = {isa = PBXFileReference; fileEncoding = 4; lastKnownFileType = sourcecode.c.objc; path = "UIImageView+UCZProgressView.m"; sourceTree = "<group>"; };
		766733951B734C0D0017CE58 /* UIView+AutoLayout.h */ = {isa = PBXFileReference; fileEncoding = 4; lastKnownFileType = sourcecode.c.h; path = "UIView+AutoLayout.h"; sourceTree = "<group>"; };
		766733961B734C0D0017CE58 /* UIView+AutoLayout.m */ = {isa = PBXFileReference; fileEncoding = 4; lastKnownFileType = sourcecode.c.objc; path = "UIView+AutoLayout.m"; sourceTree = "<group>"; };
		766733A71B734C2A0017CE58 /* PlaylistCollectionViewCell.h */ = {isa = PBXFileReference; fileEncoding = 4; lastKnownFileType = sourcecode.c.h; path = PlaylistCollectionViewCell.h; sourceTree = "<group>"; };
		766733A81B734C2A0017CE58 /* PlaylistCollectionViewCell.m */ = {isa = PBXFileReference; fileEncoding = 4; lastKnownFileType = sourcecode.c.objc; path = PlaylistCollectionViewCell.m; sourceTree = "<group>"; };
		766733FA1B734C330017CE58 /* DebugAdapter.h */ = {isa = PBXFileReference; fileEncoding = 4; lastKnownFileType = sourcecode.c.h; path = DebugAdapter.h; sourceTree = "<group>"; };
		766733FB1B734C330017CE58 /* DebugAdapter.m */ = {isa = PBXFileReference; fileEncoding = 4; lastKnownFileType = sourcecode.c.objc; path = DebugAdapter.m; sourceTree = "<group>"; };
		766733FE1B734C330017CE58 /* InAppPurchaseAdapter.h */ = {isa = PBXFileReference; fileEncoding = 4; lastKnownFileType = sourcecode.c.h; path = InAppPurchaseAdapter.h; sourceTree = "<group>"; };
		766733FF1B734C330017CE58 /* InAppPurchaseAdapter.m */ = {isa = PBXFileReference; fileEncoding = 4; lastKnownFileType = sourcecode.c.objc; path = InAppPurchaseAdapter.m; sourceTree = "<group>"; };
		766734001B734C330017CE58 /* RegisterAdapter.h */ = {isa = PBXFileReference; fileEncoding = 4; lastKnownFileType = sourcecode.c.h; path = RegisterAdapter.h; sourceTree = "<group>"; };
		766734011B734C330017CE58 /* RegisterAdapter.m */ = {isa = PBXFileReference; fileEncoding = 4; lastKnownFileType = sourcecode.c.objc; path = RegisterAdapter.m; sourceTree = "<group>"; };
		766734021B734C330017CE58 /* UpdateAdapter.h */ = {isa = PBXFileReference; fileEncoding = 4; lastKnownFileType = sourcecode.c.h; path = UpdateAdapter.h; sourceTree = "<group>"; };
		766734031B734C330017CE58 /* UpdateAdapter.m */ = {isa = PBXFileReference; fileEncoding = 4; lastKnownFileType = sourcecode.c.objc; path = UpdateAdapter.m; sourceTree = "<group>"; };
		766734381B734C330017CE58 /* EntityModel.xcdatamodel */ = {isa = PBXFileReference; lastKnownFileType = wrapper.xcdatamodel; path = EntityModel.xcdatamodel; sourceTree = "<group>"; };
		766734401B734C330017CE58 /* MessageTypeFromServerEnum.h */ = {isa = PBXFileReference; fileEncoding = 4; lastKnownFileType = sourcecode.c.h; path = MessageTypeFromServerEnum.h; sourceTree = "<group>"; };
		766734461B734C330017CE58 /* CoreDataMediator.h */ = {isa = PBXFileReference; fileEncoding = 4; lastKnownFileType = sourcecode.c.h; path = CoreDataMediator.h; sourceTree = "<group>"; };
		766734471B734C330017CE58 /* CoreDataMediator.m */ = {isa = PBXFileReference; fileEncoding = 4; lastKnownFileType = sourcecode.c.objc; path = CoreDataMediator.m; sourceTree = "<group>"; };
		766734481B734C330017CE58 /* InAppPurchaseMediator.h */ = {isa = PBXFileReference; fileEncoding = 4; lastKnownFileType = sourcecode.c.h; path = InAppPurchaseMediator.h; sourceTree = "<group>"; };
		766734491B734C330017CE58 /* InAppPurchaseMediator.m */ = {isa = PBXFileReference; fileEncoding = 4; lastKnownFileType = sourcecode.c.objc; path = InAppPurchaseMediator.m; sourceTree = "<group>"; };
		7667347A1B734C590017CE58 /* TestReach.h */ = {isa = PBXFileReference; fileEncoding = 4; lastKnownFileType = sourcecode.c.h; path = TestReach.h; sourceTree = "<group>"; };
		7667347B1B734C590017CE58 /* TestReach.m */ = {isa = PBXFileReference; fileEncoding = 4; lastKnownFileType = sourcecode.c.objc; path = TestReach.m; sourceTree = "<group>"; };
		7667347D1B7350C90017CE58 /* SharedHeaders.h */ = {isa = PBXFileReference; lastKnownFileType = sourcecode.c.h; path = SharedHeaders.h; sourceTree = "<group>"; };
		766734831B7356940017CE58 /* _Episode.h */ = {isa = PBXFileReference; fileEncoding = 4; lastKnownFileType = sourcecode.c.h; path = _Episode.h; sourceTree = "<group>"; };
		766734841B7356940017CE58 /* _Episode.m */ = {isa = PBXFileReference; fileEncoding = 4; lastKnownFileType = sourcecode.c.objc; path = _Episode.m; sourceTree = "<group>"; };
		766734851B7356940017CE58 /* _MyDetails.h */ = {isa = PBXFileReference; fileEncoding = 4; lastKnownFileType = sourcecode.c.h; path = _MyDetails.h; sourceTree = "<group>"; };
		766734861B7356940017CE58 /* _MyDetails.m */ = {isa = PBXFileReference; fileEncoding = 4; lastKnownFileType = sourcecode.c.objc; path = _MyDetails.m; sourceTree = "<group>"; };
		766734871B7356940017CE58 /* _Playlist.h */ = {isa = PBXFileReference; fileEncoding = 4; lastKnownFileType = sourcecode.c.h; path = _Playlist.h; sourceTree = "<group>"; };
		766734881B7356940017CE58 /* _Playlist.m */ = {isa = PBXFileReference; fileEncoding = 4; lastKnownFileType = sourcecode.c.objc; path = _Playlist.m; sourceTree = "<group>"; };
		766734891B7356940017CE58 /* Episode.h */ = {isa = PBXFileReference; fileEncoding = 4; lastKnownFileType = sourcecode.c.h; path = Episode.h; sourceTree = "<group>"; };
		7667348A1B7356940017CE58 /* Episode.m */ = {isa = PBXFileReference; fileEncoding = 4; lastKnownFileType = sourcecode.c.objc; path = Episode.m; sourceTree = "<group>"; };
		7667348B1B7356940017CE58 /* MyDetails.h */ = {isa = PBXFileReference; fileEncoding = 4; lastKnownFileType = sourcecode.c.h; path = MyDetails.h; sourceTree = "<group>"; };
		7667348C1B7356940017CE58 /* MyDetails.m */ = {isa = PBXFileReference; fileEncoding = 4; lastKnownFileType = sourcecode.c.objc; path = MyDetails.m; sourceTree = "<group>"; };
		7667348D1B7356940017CE58 /* Playlist.h */ = {isa = PBXFileReference; fileEncoding = 4; lastKnownFileType = sourcecode.c.h; path = Playlist.h; sourceTree = "<group>"; };
		7667348E1B7356940017CE58 /* Playlist.m */ = {isa = PBXFileReference; fileEncoding = 4; lastKnownFileType = sourcecode.c.objc; path = Playlist.m; sourceTree = "<group>"; };
		76938E68197D8D15006E0EE4 /* MediaPlayer.framework */ = {isa = PBXFileReference; lastKnownFileType = wrapper.framework; name = MediaPlayer.framework; path = System/Library/Frameworks/MediaPlayer.framework; sourceTree = SDKROOT; };
		76938E801989507E006E0EE4 /* Settings.bundle */ = {isa = PBXFileReference; lastKnownFileType = "wrapper.plug-in"; path = Settings.bundle; sourceTree = "<group>"; };
		76938E821993EEF8006E0EE4 /* libsqlite3.dylib */ = {isa = PBXFileReference; lastKnownFileType = "compiled.mach-o.dylib"; name = libsqlite3.dylib; path = usr/lib/libsqlite3.dylib; sourceTree = SDKROOT; };
		76EE1AF918F1754A0040FA71 /* ChildTube.app */ = {isa = PBXFileReference; explicitFileType = wrapper.application; includeInIndex = 0; path = ChildTube.app; sourceTree = BUILT_PRODUCTS_DIR; };
		76EE1AFC18F1754A0040FA71 /* Foundation.framework */ = {isa = PBXFileReference; lastKnownFileType = wrapper.framework; name = Foundation.framework; path = System/Library/Frameworks/Foundation.framework; sourceTree = SDKROOT; };
		76EE1AFE18F1754A0040FA71 /* CoreGraphics.framework */ = {isa = PBXFileReference; lastKnownFileType = wrapper.framework; name = CoreGraphics.framework; path = System/Library/Frameworks/CoreGraphics.framework; sourceTree = SDKROOT; };
		76EE1B0018F1754A0040FA71 /* UIKit.framework */ = {isa = PBXFileReference; lastKnownFileType = wrapper.framework; name = UIKit.framework; path = System/Library/Frameworks/UIKit.framework; sourceTree = SDKROOT; };
		76EE1B0418F1754A0040FA71 /* ChildTube-Info.plist */ = {isa = PBXFileReference; lastKnownFileType = text.plist.xml; path = "ChildTube-Info.plist"; sourceTree = "<group>"; };
		76EE1B0618F1754A0040FA71 /* en */ = {isa = PBXFileReference; lastKnownFileType = text.plist.strings; name = en; path = en.lproj/InfoPlist.strings; sourceTree = "<group>"; };
		76EE1B0818F1754A0040FA71 /* main.m */ = {isa = PBXFileReference; lastKnownFileType = sourcecode.c.objc; path = main.m; sourceTree = "<group>"; };
		76EE1B0A18F1754A0040FA71 /* ChildTube-Prefix.pch */ = {isa = PBXFileReference; lastKnownFileType = sourcecode.c.h; path = "ChildTube-Prefix.pch"; sourceTree = "<group>"; };
		76EE1B0B18F1754A0040FA71 /* ChildTubeAppDelegate.h */ = {isa = PBXFileReference; lastKnownFileType = sourcecode.c.h; path = ChildTubeAppDelegate.h; sourceTree = "<group>"; };
		76EE1B0C18F1754A0040FA71 /* ChildTubeAppDelegate.m */ = {isa = PBXFileReference; lastKnownFileType = sourcecode.c.objc; path = ChildTubeAppDelegate.m; sourceTree = "<group>"; };
		76EE1B0E18F1754A0040FA71 /* Images.xcassets */ = {isa = PBXFileReference; lastKnownFileType = folder.assetcatalog; path = Images.xcassets; sourceTree = "<group>"; };
		76EE1B1418F1754A0040FA71 /* ChildTubeTests.xctest */ = {isa = PBXFileReference; explicitFileType = wrapper.cfbundle; includeInIndex = 0; path = ChildTubeTests.xctest; sourceTree = BUILT_PRODUCTS_DIR; };
		76EE1B1D18F1754A0040FA71 /* ChildTubeTests-Info.plist */ = {isa = PBXFileReference; lastKnownFileType = text.plist.xml; path = "ChildTubeTests-Info.plist"; sourceTree = "<group>"; };
		76EE1B1F18F1754A0040FA71 /* en */ = {isa = PBXFileReference; lastKnownFileType = text.plist.strings; name = en; path = en.lproj/InfoPlist.strings; sourceTree = "<group>"; };
		76EE1B2118F1754A0040FA71 /* ChildTubeTests.m */ = {isa = PBXFileReference; lastKnownFileType = sourcecode.c.objc; path = ChildTubeTests.m; sourceTree = "<group>"; };
		76EE1B6518F187DD0040FA71 /* anonymous.png */ = {isa = PBXFileReference; lastKnownFileType = image.png; path = anonymous.png; sourceTree = "<group>"; };
/* End PBXFileReference section */

/* Begin PBXFrameworksBuildPhase section */
		76EE1AF618F175490040FA71 /* Frameworks */ = {
			isa = PBXFrameworksBuildPhase;
			buildActionMask = 2147483647;
			files = (
				76EE1B0118F1754A0040FA71 /* UIKit.framework in Frameworks */,
				760345321B73A17100CC380D /* StoreKit.framework in Frameworks */,
				7650952F19D73C96000652E6 /* SystemConfiguration.framework in Frameworks */,
				7650952D19D73C8D000652E6 /* Security.framework in Frameworks */,
				76938E69197D8D15006E0EE4 /* MediaPlayer.framework in Frameworks */,
				7650952A19D73C71000652E6 /* CoreMotion.framework in Frameworks */,
				7650952B19D73C71000652E6 /* CoreText.framework in Frameworks */,
				76EE1AFF18F1754A0040FA71 /* CoreGraphics.framework in Frameworks */,
				7650952719D73C60000652E6 /* CoreLocation.framework in Frameworks */,
				76EE1AFD18F1754A0040FA71 /* Foundation.framework in Frameworks */,
				7650952519D73C4E000652E6 /* AssetsLibrary.framework in Frameworks */,
				7650952319D73C46000652E6 /* AddressBook.framework in Frameworks */,
				76938E831993EEF8006E0EE4 /* libsqlite3.dylib in Frameworks */,
				F5E983772B84F4D8204EB062 /* libPods.a in Frameworks */,
			);
			runOnlyForDeploymentPostprocessing = 0;
		};
		76EE1B1118F1754A0040FA71 /* Frameworks */ = {
			isa = PBXFrameworksBuildPhase;
			buildActionMask = 2147483647;
			files = (
				76EE1B1818F1754A0040FA71 /* UIKit.framework in Frameworks */,
				76EE1B1718F1754A0040FA71 /* Foundation.framework in Frameworks */,
			);
			runOnlyForDeploymentPostprocessing = 0;
		};
/* End PBXFrameworksBuildPhase section */

/* Begin PBXGroup section */
		4316C1555C1C2B2896936EAB /* Pods */ = {
			isa = PBXGroup;
			children = (
				05F36F33B99E2B833CCB0EBD /* Pods.debug.xcconfig */,
				187977DF1E56EFA36F5AA5D7 /* Pods.release.xcconfig */,
			);
			name = Pods;
			sourceTree = "<group>";
		};
		7603451C1B7371A300CC380D /* SSCheckMark */ = {
			isa = PBXGroup;
			children = (
				7603451D1B7371C100CC380D /* SSCheckMark.h */,
				7603451E1B7371C100CC380D /* SSCheckMark.m */,
			);
			name = SSCheckMark;
			sourceTree = "<group>";
		};
		760345231B7375E500CC380D /* Search */ = {
			isa = PBXGroup;
			children = (
				760345241B73761400CC380D /* SearchForPlaylistViewController.h */,
				760345251B73761400CC380D /* SearchForPlaylistViewController.m */,
			);
			name = Search;
			sourceTree = "<group>";
		};
		7603452A1B7385CB00CC380D /* EpisodeDetails */ = {
			isa = PBXGroup;
			children = (
				7603452B1B7385E400CC380D /* EpisodeDetailsViewController.h */,
				7603452C1B7385E400CC380D /* EpisodeDetailsViewController.m */,
			);
			name = EpisodeDetails;
			sourceTree = "<group>";
		};
		766733391B734BC70017CE58 /* Helpers */ = {
			isa = PBXGroup;
			children = (
				7603451C1B7371A300CC380D /* SSCheckMark */,
				766734791B734C4B0017CE58 /* TestReach */,
				766733431B734BC70017CE58 /* FXBlurView */,
				766733461B734BC70017CE58 /* Helper */,
			);
			path = Helpers;
			sourceTree = "<group>";
		};
		766733431B734BC70017CE58 /* FXBlurView */ = {
			isa = PBXGroup;
			children = (
				766733441B734BC70017CE58 /* FXBlurView.h */,
				766733451B734BC70017CE58 /* FXBlurView.m */,
			);
			path = FXBlurView;
			sourceTree = "<group>";
		};
		766733461B734BC70017CE58 /* Helper */ = {
			isa = PBXGroup;
			children = (
				766733471B734BC70017CE58 /* Helper.h */,
				766733481B734BC70017CE58 /* Helper.m */,
			);
			name = Helper;
			path = global;
			sourceTree = "<group>";
		};
		766733541B734BFB0017CE58 /* Images */ = {
			isa = PBXGroup;
			children = (
				760345331B73D74200CC380D /* default_playlist.png */,
				760345181B736F2F00CC380D /* avatar_icon_add.png */,
			);
			path = Images;
			sourceTree = "<group>";
		};
		7667338B1B734C0D0017CE58 /* Extensions */ = {
			isa = PBXGroup;
			children = (
				7667338C1B734C0D0017CE58 /* MagicalRecord-Chen */,
				766733911B734C0D0017CE58 /* UIImageView+UCZProgressView */,
				766733941B734C0D0017CE58 /* UIView+AutoLayout */,
			);
			path = Extensions;
			sourceTree = "<group>";
		};
		7667338C1B734C0D0017CE58 /* MagicalRecord-Chen */ = {
			isa = PBXGroup;
			children = (
				7667338F1B734C0D0017CE58 /* NSManagedObjectContext+MagicalRecord-Chen.h */,
				766733901B734C0D0017CE58 /* NSManagedObjectContext+MagicalRecord-Chen.m */,
			);
			path = "MagicalRecord-Chen";
			sourceTree = "<group>";
		};
		766733911B734C0D0017CE58 /* UIImageView+UCZProgressView */ = {
			isa = PBXGroup;
			children = (
				766733921B734C0D0017CE58 /* UIImageView+UCZProgressView.h */,
				766733931B734C0D0017CE58 /* UIImageView+UCZProgressView.m */,
			);
			path = "UIImageView+UCZProgressView";
			sourceTree = "<group>";
		};
		766733941B734C0D0017CE58 /* UIView+AutoLayout */ = {
			isa = PBXGroup;
			children = (
				766733951B734C0D0017CE58 /* UIView+AutoLayout.h */,
				766733961B734C0D0017CE58 /* UIView+AutoLayout.m */,
			);
			path = "UIView+AutoLayout";
			sourceTree = "<group>";
		};
		7667339B1B734C2A0017CE58 /* Views */ = {
			isa = PBXGroup;
			children = (
				7667339C1B734C2A0017CE58 /* Cells */,
			);
			path = Views;
			sourceTree = "<group>";
		};
		7667339C1B734C2A0017CE58 /* Cells */ = {
			isa = PBXGroup;
			children = (
				766733A71B734C2A0017CE58 /* PlaylistCollectionViewCell.h */,
				766733A81B734C2A0017CE58 /* PlaylistCollectionViewCell.m */,
				760345151B736D0C00CC380D /* AddPlaylistCollectionViewCell.h */,
				760345161B736D0C00CC380D /* AddPlaylistCollectionViewCell.m */,
			);
			path = Cells;
			sourceTree = "<group>";
		};
		766733B51B734C2F0017CE58 /* Controllers */ = {
			isa = PBXGroup;
			children = (
				7603452A1B7385CB00CC380D /* EpisodeDetails */,
				760345231B7375E500CC380D /* Search */,
				766733B61B734C2F0017CE58 /* MainScreen */,
			);
			path = Controllers;
			sourceTree = "<group>";
		};
		766733B61B734C2F0017CE58 /* MainScreen */ = {
			isa = PBXGroup;
			children = (
				760345281B73763B00CC380D /* MainScreenViewController.h */,
				760345271B73763B00CC380D /* MainScreenViewController.m */,
			);
			name = MainScreen;
			path = InitialMessages;
			sourceTree = "<group>";
		};
		766733F81B734C330017CE58 /* Model */ = {
			isa = PBXGroup;
			children = (
				766733F91B734C330017CE58 /* Adapters */,
				766734091B734C330017CE58 /* EntityModel */,
				7667343E1B734C330017CE58 /* Enums */,
				766734431B734C330017CE58 /* Mediators */,
			);
			path = Model;
			sourceTree = "<group>";
		};
		766733F91B734C330017CE58 /* Adapters */ = {
			isa = PBXGroup;
			children = (
				766733FA1B734C330017CE58 /* DebugAdapter.h */,
				766733FB1B734C330017CE58 /* DebugAdapter.m */,
				766733FE1B734C330017CE58 /* InAppPurchaseAdapter.h */,
				766733FF1B734C330017CE58 /* InAppPurchaseAdapter.m */,
				766734001B734C330017CE58 /* RegisterAdapter.h */,
				766734011B734C330017CE58 /* RegisterAdapter.m */,
				766734021B734C330017CE58 /* UpdateAdapter.h */,
				766734031B734C330017CE58 /* UpdateAdapter.m */,
			);
			path = Adapters;
			sourceTree = "<group>";
		};
		766734091B734C330017CE58 /* EntityModel */ = {
			isa = PBXGroup;
			children = (
				7667340A1B734C330017CE58 /* Entities */,
				766734371B734C330017CE58 /* EntityModel.xcdatamodeld */,
			);
			path = EntityModel;
			sourceTree = "<group>";
		};
		7667340A1B734C330017CE58 /* Entities */ = {
			isa = PBXGroup;
			children = (
				766734831B7356940017CE58 /* _Episode.h */,
				766734841B7356940017CE58 /* _Episode.m */,
				766734851B7356940017CE58 /* _MyDetails.h */,
				766734861B7356940017CE58 /* _MyDetails.m */,
				766734871B7356940017CE58 /* _Playlist.h */,
				766734881B7356940017CE58 /* _Playlist.m */,
				766734891B7356940017CE58 /* Episode.h */,
				7667348A1B7356940017CE58 /* Episode.m */,
				7667348B1B7356940017CE58 /* MyDetails.h */,
				7667348C1B7356940017CE58 /* MyDetails.m */,
				7667348D1B7356940017CE58 /* Playlist.h */,
				7667348E1B7356940017CE58 /* Playlist.m */,
			);
			path = Entities;
			sourceTree = "<group>";
		};
		7667343E1B734C330017CE58 /* Enums */ = {
			isa = PBXGroup;
			children = (
				766734401B734C330017CE58 /* MessageTypeFromServerEnum.h */,
			);
			path = Enums;
			sourceTree = "<group>";
		};
		766734431B734C330017CE58 /* Mediators */ = {
			isa = PBXGroup;
			children = (
				766734461B734C330017CE58 /* CoreDataMediator.h */,
				766734471B734C330017CE58 /* CoreDataMediator.m */,
				766734481B734C330017CE58 /* InAppPurchaseMediator.h */,
				766734491B734C330017CE58 /* InAppPurchaseMediator.m */,
			);
			path = Mediators;
			sourceTree = "<group>";
		};
		766734791B734C4B0017CE58 /* TestReach */ = {
			isa = PBXGroup;
			children = (
				7667347A1B734C590017CE58 /* TestReach.h */,
				7667347B1B734C590017CE58 /* TestReach.m */,
			);
			name = TestReach;
			sourceTree = "<group>";
		};
		76EE1AF018F175490040FA71 = {
			isa = PBXGroup;
			children = (
				76EE1B0218F1754A0040FA71 /* ChildTube */,
				76EE1B1B18F1754A0040FA71 /* ChildTubeTests */,
				76EE1AFB18F1754A0040FA71 /* Frameworks */,
				76EE1AFA18F1754A0040FA71 /* Products */,
				7601D41C19263E9600ABDFBF /* Pods.xcconfig */,
				4316C1555C1C2B2896936EAB /* Pods */,
			);
			sourceTree = "<group>";
		};
		76EE1AFA18F1754A0040FA71 /* Products */ = {
			isa = PBXGroup;
			children = (
				76EE1AF918F1754A0040FA71 /* ChildTube.app */,
				76EE1B1418F1754A0040FA71 /* ChildTubeTests.xctest */,
			);
			name = Products;
			sourceTree = "<group>";
		};
		76EE1AFB18F1754A0040FA71 /* Frameworks */ = {
			isa = PBXGroup;
			children = (
				760345311B73A17100CC380D /* StoreKit.framework */,
				7650952E19D73C96000652E6 /* SystemConfiguration.framework */,
				7650952C19D73C8D000652E6 /* Security.framework */,
				7650952819D73C71000652E6 /* CoreMotion.framework */,
				7650952919D73C71000652E6 /* CoreText.framework */,
				7650952619D73C60000652E6 /* CoreLocation.framework */,
				7650952419D73C4E000652E6 /* AssetsLibrary.framework */,
				7650952219D73C46000652E6 /* AddressBook.framework */,
				76938E821993EEF8006E0EE4 /* libsqlite3.dylib */,
				76938E68197D8D15006E0EE4 /* MediaPlayer.framework */,
				76EE1AFC18F1754A0040FA71 /* Foundation.framework */,
				76EE1AFE18F1754A0040FA71 /* CoreGraphics.framework */,
				76EE1B0018F1754A0040FA71 /* UIKit.framework */,
				46946A58731EC40948F1F087 /* libPods.a */,
			);
			name = Frameworks;
			sourceTree = "<group>";
		};
		76EE1B0218F1754A0040FA71 /* ChildTube */ = {
			isa = PBXGroup;
			children = (
				766733F81B734C330017CE58 /* Model */,
				766733B51B734C2F0017CE58 /* Controllers */,
				7667339B1B734C2A0017CE58 /* Views */,
				7667338B1B734C0D0017CE58 /* Extensions */,
				766733541B734BFB0017CE58 /* Images */,
				766733391B734BC70017CE58 /* Helpers */,
				76EE1B2B18F1756D0040FA71 /* Storyboards */,
				76EE1B0318F1754A0040FA71 /* Supporting Files */,
			);
			path = ChildTube;
			sourceTree = "<group>";
		};
		76EE1B0318F1754A0040FA71 /* Supporting Files */ = {
			isa = PBXGroup;
			children = (
				766733521B734BE10017CE58 /* LaunchScreen.xib */,
				7667347D1B7350C90017CE58 /* SharedHeaders.h */,
				76EE1B0E18F1754A0040FA71 /* Images.xcassets */,
				76EE1B6518F187DD0040FA71 /* anonymous.png */,
				76EE1B0B18F1754A0040FA71 /* ChildTubeAppDelegate.h */,
				76EE1B0C18F1754A0040FA71 /* ChildTubeAppDelegate.m */,
				76EE1B0418F1754A0040FA71 /* ChildTube-Info.plist */,
				76EE1B0518F1754A0040FA71 /* InfoPlist.strings */,
				76EE1B0818F1754A0040FA71 /* main.m */,
				76EE1B0A18F1754A0040FA71 /* ChildTube-Prefix.pch */,
				76938E801989507E006E0EE4 /* Settings.bundle */,
			);
			name = "Supporting Files";
			sourceTree = "<group>";
		};
		76EE1B1B18F1754A0040FA71 /* ChildTubeTests */ = {
			isa = PBXGroup;
			children = (
				76EE1B2118F1754A0040FA71 /* ChildTubeTests.m */,
				76EE1B1C18F1754A0040FA71 /* Supporting Files */,
			);
			path = ChildTubeTests;
			sourceTree = "<group>";
		};
		76EE1B1C18F1754A0040FA71 /* Supporting Files */ = {
			isa = PBXGroup;
			children = (
				76EE1B1D18F1754A0040FA71 /* ChildTubeTests-Info.plist */,
				76EE1B1E18F1754A0040FA71 /* InfoPlist.strings */,
			);
			name = "Supporting Files";
			sourceTree = "<group>";
		};
		76EE1B2B18F1756D0040FA71 /* Storyboards */ = {
			isa = PBXGroup;
			children = (
				7603451A1B736F8900CC380D /* Main.storyboard */,
			);
			name = Storyboards;
			sourceTree = "<group>";
		};
/* End PBXGroup section */

/* Begin PBXNativeTarget section */
		76EE1AF818F175490040FA71 /* ChildTube */ = {
			isa = PBXNativeTarget;
			buildConfigurationList = 76EE1B2518F1754A0040FA71 /* Build configuration list for PBXNativeTarget "ChildTube" */;
			buildPhases = (
				0E837ED2BC84CE211D5FA6E2 /* Check Pods Manifest.lock */,
				76EE1AF518F175490040FA71 /* Sources */,
				76EE1AF618F175490040FA71 /* Frameworks */,
				76EE1AF718F175490040FA71 /* Resources */,
				AA5E28D97F756026203D275E /* Copy Pods Resources */,
			);
			buildRules = (
			);
			dependencies = (
			);
			name = ChildTube;
			productName = ChildTube;
			productReference = 76EE1AF918F1754A0040FA71 /* ChildTube.app */;
			productType = "com.apple.product-type.application";
		};
		76EE1B1318F1754A0040FA71 /* ChildTubeTests */ = {
			isa = PBXNativeTarget;
			buildConfigurationList = 76EE1B2818F1754A0040FA71 /* Build configuration list for PBXNativeTarget "ChildTubeTests" */;
			buildPhases = (
				76EE1B1018F1754A0040FA71 /* Sources */,
				76EE1B1118F1754A0040FA71 /* Frameworks */,
				76EE1B1218F1754A0040FA71 /* Resources */,
			);
			buildRules = (
			);
			dependencies = (
				76EE1B1A18F1754A0040FA71 /* PBXTargetDependency */,
			);
			name = ChildTubeTests;
			productName = ChildTubeTests;
			productReference = 76EE1B1418F1754A0040FA71 /* ChildTubeTests.xctest */;
			productType = "com.apple.product-type.bundle.unit-test";
		};
/* End PBXNativeTarget section */

/* Begin PBXProject section */
		76EE1AF118F175490040FA71 /* Project object */ = {
			isa = PBXProject;
			attributes = {
				CLASSPREFIX = ChildTube;
				LastUpgradeCheck = 0620;
				ORGANIZATIONNAME = MTG;
				TargetAttributes = {
					7667347E1B7353700017CE58 = {
						CreatedOnToolsVersion = 6.2;
					};
					76EE1AF818F175490040FA71 = {
						DevelopmentTeam = N3M7YJ6Q35;
						SystemCapabilities = {
							com.apple.InAppPurchase = {
								enabled = 1;
							};
						};
					};
					76EE1B1318F1754A0040FA71 = {
						TestTargetID = 76EE1AF818F175490040FA71;
					};
				};
			};
			buildConfigurationList = 76EE1AF418F175490040FA71 /* Build configuration list for PBXProject "ChildTube" */;
			compatibilityVersion = "Xcode 3.2";
			developmentRegion = English;
			hasScannedForEncodings = 0;
			knownRegions = (
				en,
				Base,
				he,
			);
			mainGroup = 76EE1AF018F175490040FA71;
			productRefGroup = 76EE1AFA18F1754A0040FA71 /* Products */;
			projectDirPath = "";
			projectRoot = "";
			targets = (
				76EE1AF818F175490040FA71 /* ChildTube */,
				76EE1B1318F1754A0040FA71 /* ChildTubeTests */,
				7667347E1B7353700017CE58 /* Mogenerator */,
			);
		};
/* End PBXProject section */

/* Begin PBXResourcesBuildPhase section */
		76EE1AF718F175490040FA71 /* Resources */ = {
			isa = PBXResourcesBuildPhase;
			buildActionMask = 2147483647;
			files = (
				766733531B734BE10017CE58 /* LaunchScreen.xib in Resources */,
				7603451B1B736F8900CC380D /* Main.storyboard in Resources */,
				76EE1B0718F1754A0040FA71 /* InfoPlist.strings in Resources */,
				760345341B73D74200CC380D /* default_playlist.png in Resources */,
				76EE1B6618F187DD0040FA71 /* anonymous.png in Resources */,
				760345191B736F2F00CC380D /* avatar_icon_add.png in Resources */,
				76EE1B0F18F1754A0040FA71 /* Images.xcassets in Resources */,
				76938E811989507E006E0EE4 /* Settings.bundle in Resources */,
			);
			runOnlyForDeploymentPostprocessing = 0;
		};
		76EE1B1218F1754A0040FA71 /* Resources */ = {
			isa = PBXResourcesBuildPhase;
			buildActionMask = 2147483647;
			files = (
				76EE1B2018F1754A0040FA71 /* InfoPlist.strings in Resources */,
			);
			runOnlyForDeploymentPostprocessing = 0;
		};
/* End PBXResourcesBuildPhase section */

/* Begin PBXShellScriptBuildPhase section */
		0E837ED2BC84CE211D5FA6E2 /* Check Pods Manifest.lock */ = {
			isa = PBXShellScriptBuildPhase;
			buildActionMask = 2147483647;
			files = (
			);
			inputPaths = (
			);
			name = "Check Pods Manifest.lock";
			outputPaths = (
			);
			runOnlyForDeploymentPostprocessing = 0;
			shellPath = /bin/sh;
			shellScript = "diff \"${PODS_ROOT}/../Podfile.lock\" \"${PODS_ROOT}/Manifest.lock\" > /dev/null\nif [[ $? != 0 ]] ; then\n    cat << EOM\nerror: The sandbox is not in sync with the Podfile.lock. Run 'pod install' or update your CocoaPods installation.\nEOM\n    exit 1\nfi\n";
			showEnvVarsInLog = 0;
		};
		766734821B7353890017CE58 /* ShellScript */ = {
			isa = PBXShellScriptBuildPhase;
			buildActionMask = 2147483647;
			files = (
			);
			inputPaths = (
			);
			outputPaths = (
			);
			runOnlyForDeploymentPostprocessing = 0;
			shellPath = /bin/sh;
			shellScript = "mogenerator -m ChildTube/Model/EntityModel/EntityModel.xcdatamodeld -O ChildTube/Model/EntityModel/Entities --template-var arc=true";
		};
		AA5E28D97F756026203D275E /* Copy Pods Resources */ = {
			isa = PBXShellScriptBuildPhase;
			buildActionMask = 2147483647;
			files = (
			);
			inputPaths = (
			);
			name = "Copy Pods Resources";
			outputPaths = (
			);
			runOnlyForDeploymentPostprocessing = 0;
			shellPath = /bin/sh;
			shellScript = "\"${SRCROOT}/Pods/Target Support Files/Pods/Pods-resources.sh\"\n";
			showEnvVarsInLog = 0;
		};
/* End PBXShellScriptBuildPhase section */

/* Begin PBXSourcesBuildPhase section */
		76EE1AF518F175490040FA71 /* Sources */ = {
			isa = PBXSourcesBuildPhase;
			buildActionMask = 2147483647;
			files = (
				766734931B7356940017CE58 /* MyDetails.m in Sources */,
				76EE1B0918F1754A0040FA71 /* main.m in Sources */,
				766734551B734C330017CE58 /* RegisterAdapter.m in Sources */,
				7603451F1B7371C100CC380D /* SSCheckMark.m in Sources */,
				760345171B736D0C00CC380D /* AddPlaylistCollectionViewCell.m in Sources */,
				766733981B734C0D0017CE58 /* NSManagedObjectContext+MagicalRecord-Chen.m in Sources */,
				766734521B734C330017CE58 /* DebugAdapter.m in Sources */,
				766734921B7356940017CE58 /* Episode.m in Sources */,
				766734941B7356940017CE58 /* Playlist.m in Sources */,
				766734731B734C330017CE58 /* CoreDataMediator.m in Sources */,
				766734741B734C330017CE58 /* InAppPurchaseMediator.m in Sources */,
				76EE1B0D18F1754A0040FA71 /* ChildTubeAppDelegate.m in Sources */,
				766733B21B734C2A0017CE58 /* PlaylistCollectionViewCell.m in Sources */,
				766734901B7356940017CE58 /* _MyDetails.m in Sources */,
				760345261B73761400CC380D /* SearchForPlaylistViewController.m in Sources */,
				766733511B734BC70017CE58 /* Helper.m in Sources */,
				760345291B73763B00CC380D /* MainScreenViewController.m in Sources */,
				766734911B7356940017CE58 /* _Playlist.m in Sources */,
				766734541B734C330017CE58 /* InAppPurchaseAdapter.m in Sources */,
				7667339A1B734C0D0017CE58 /* UIView+AutoLayout.m in Sources */,
				7667346F1B734C330017CE58 /* EntityModel.xcdatamodeld in Sources */,
				7603452D1B7385E400CC380D /* EpisodeDetailsViewController.m in Sources */,
				766733501B734BC70017CE58 /* FXBlurView.m in Sources */,
				766733991B734C0D0017CE58 /* UIImageView+UCZProgressView.m in Sources */,
				7667347C1B734C590017CE58 /* TestReach.m in Sources */,
				7667348F1B7356940017CE58 /* _Episode.m in Sources */,
				766734561B734C330017CE58 /* UpdateAdapter.m in Sources */,
			);
			runOnlyForDeploymentPostprocessing = 0;
		};
		76EE1B1018F1754A0040FA71 /* Sources */ = {
			isa = PBXSourcesBuildPhase;
			buildActionMask = 2147483647;
			files = (
				76EE1B2218F1754A0040FA71 /* ChildTubeTests.m in Sources */,
			);
			runOnlyForDeploymentPostprocessing = 0;
		};
/* End PBXSourcesBuildPhase section */

/* Begin PBXTargetDependency section */
		76EE1B1A18F1754A0040FA71 /* PBXTargetDependency */ = {
			isa = PBXTargetDependency;
			target = 76EE1AF818F175490040FA71 /* ChildTube */;
			targetProxy = 76EE1B1918F1754A0040FA71 /* PBXContainerItemProxy */;
		};
/* End PBXTargetDependency section */

/* Begin PBXVariantGroup section */
		76EE1B0518F1754A0040FA71 /* InfoPlist.strings */ = {
			isa = PBXVariantGroup;
			children = (
				76EE1B0618F1754A0040FA71 /* en */,
			);
			name = InfoPlist.strings;
			sourceTree = "<group>";
		};
		76EE1B1E18F1754A0040FA71 /* InfoPlist.strings */ = {
			isa = PBXVariantGroup;
			children = (
				76EE1B1F18F1754A0040FA71 /* en */,
			);
			name = InfoPlist.strings;
			sourceTree = "<group>";
		};
/* End PBXVariantGroup section */

/* Begin XCBuildConfiguration section */
		766734801B7353700017CE58 /* Debug */ = {
			isa = XCBuildConfiguration;
			buildSettings = {
				PRODUCT_NAME = "$(TARGET_NAME)";
			};
			name = Debug;
		};
		766734811B7353700017CE58 /* Release */ = {
			isa = XCBuildConfiguration;
			buildSettings = {
				PRODUCT_NAME = "$(TARGET_NAME)";
			};
			name = Release;
		};
		76EE1B2318F1754A0040FA71 /* Debug */ = {
			isa = XCBuildConfiguration;
			buildSettings = {
				ALWAYS_SEARCH_USER_PATHS = NO;
				CLANG_CXX_LANGUAGE_STANDARD = "gnu++0x";
				CLANG_CXX_LIBRARY = "libc++";
				CLANG_ENABLE_MODULES = YES;
				CLANG_ENABLE_OBJC_ARC = YES;
				CLANG_WARN_BOOL_CONVERSION = YES;
				CLANG_WARN_CONSTANT_CONVERSION = YES;
				CLANG_WARN_DIRECT_OBJC_ISA_USAGE = YES_ERROR;
				CLANG_WARN_EMPTY_BODY = YES;
				CLANG_WARN_ENUM_CONVERSION = YES;
				CLANG_WARN_INT_CONVERSION = YES;
				CLANG_WARN_OBJC_ROOT_CLASS = YES_ERROR;
				CLANG_WARN__DUPLICATE_METHOD_MATCH = YES;
				"CODE_SIGN_IDENTITY[sdk=iphoneos*]" = "iPhone Developer";
				COPY_PHASE_STRIP = NO;
				GCC_C_LANGUAGE_STANDARD = gnu99;
				GCC_DYNAMIC_NO_PIC = NO;
				GCC_OPTIMIZATION_LEVEL = 0;
				GCC_PREPROCESSOR_DEFINITIONS = (
					"DEBUG=1",
					"$(inherited)",
				);
				GCC_SYMBOLS_PRIVATE_EXTERN = NO;
				GCC_WARN_64_TO_32_BIT_CONVERSION = YES;
				GCC_WARN_ABOUT_RETURN_TYPE = YES_ERROR;
				GCC_WARN_UNDECLARED_SELECTOR = YES;
				GCC_WARN_UNINITIALIZED_AUTOS = YES;
				GCC_WARN_UNUSED_FUNCTION = YES;
				GCC_WARN_UNUSED_VARIABLE = YES;
				IPHONEOS_DEPLOYMENT_TARGET = 7.0;
				ONLY_ACTIVE_ARCH = YES;
				SDKROOT = iphoneos;
			};
			name = Debug;
		};
		76EE1B2418F1754A0040FA71 /* Release */ = {
			isa = XCBuildConfiguration;
			buildSettings = {
				ALWAYS_SEARCH_USER_PATHS = NO;
				CLANG_CXX_LANGUAGE_STANDARD = "gnu++0x";
				CLANG_CXX_LIBRARY = "libc++";
				CLANG_ENABLE_MODULES = YES;
				CLANG_ENABLE_OBJC_ARC = YES;
				CLANG_WARN_BOOL_CONVERSION = YES;
				CLANG_WARN_CONSTANT_CONVERSION = YES;
				CLANG_WARN_DIRECT_OBJC_ISA_USAGE = YES_ERROR;
				CLANG_WARN_EMPTY_BODY = YES;
				CLANG_WARN_ENUM_CONVERSION = YES;
				CLANG_WARN_INT_CONVERSION = YES;
				CLANG_WARN_OBJC_ROOT_CLASS = YES_ERROR;
				CLANG_WARN__DUPLICATE_METHOD_MATCH = YES;
				"CODE_SIGN_IDENTITY[sdk=iphoneos*]" = "iPhone Developer";
				COPY_PHASE_STRIP = YES;
				ENABLE_NS_ASSERTIONS = NO;
				GCC_C_LANGUAGE_STANDARD = gnu99;
				GCC_WARN_64_TO_32_BIT_CONVERSION = YES;
				GCC_WARN_ABOUT_RETURN_TYPE = YES_ERROR;
				GCC_WARN_UNDECLARED_SELECTOR = YES;
				GCC_WARN_UNINITIALIZED_AUTOS = YES;
				GCC_WARN_UNUSED_FUNCTION = YES;
				GCC_WARN_UNUSED_VARIABLE = YES;
				IPHONEOS_DEPLOYMENT_TARGET = 7.0;
				SDKROOT = iphoneos;
				VALIDATE_PRODUCT = YES;
			};
			name = Release;
		};
		76EE1B2618F1754A0040FA71 /* Debug */ = {
			isa = XCBuildConfiguration;
			baseConfigurationReference = 05F36F33B99E2B833CCB0EBD /* Pods.debug.xcconfig */;
			buildSettings = {
				ASSETCATALOG_COMPILER_APPICON_NAME = AppIcon;
				ASSETCATALOG_COMPILER_LAUNCHIMAGE_NAME = LaunchImage;
				CODE_SIGN_IDENTITY = "iPhone Developer";
				"CODE_SIGN_IDENTITY[sdk=iphoneos*]" = "iPhone Developer";
				FRAMEWORK_SEARCH_PATHS = (
					"$(inherited)",
					"$(PROJECT_DIR)",
				);
				GCC_PRECOMPILE_PREFIX_HEADER = YES;
				GCC_PREFIX_HEADER = "ChildTube/ChildTube-Prefix.pch";
				INFOPLIST_FILE = "ChildTube/ChildTube-Info.plist";
				IPHONEOS_DEPLOYMENT_TARGET = 7.0;
				LIBRARY_SEARCH_PATHS = "$(inherited)";
				OTHER_LDFLAGS = "$(inherited)";
				PRODUCT_NAME = "$(TARGET_NAME)";
				PROVISIONING_PROFILE = "";
				TARGETED_DEVICE_FAMILY = "1,2";
				WRAPPER_EXTENSION = app;
			};
			name = Debug;
		};
		76EE1B2718F1754A0040FA71 /* Release */ = {
			isa = XCBuildConfiguration;
			baseConfigurationReference = 187977DF1E56EFA36F5AA5D7 /* Pods.release.xcconfig */;
			buildSettings = {
				ASSETCATALOG_COMPILER_APPICON_NAME = AppIcon;
				ASSETCATALOG_COMPILER_LAUNCHIMAGE_NAME = LaunchImage;
				CODE_SIGN_IDENTITY = "iPhone Developer";
				"CODE_SIGN_IDENTITY[sdk=iphoneos*]" = "iPhone Developer";
				FRAMEWORK_SEARCH_PATHS = (
					"$(inherited)",
					"$(PROJECT_DIR)",
				);
				GCC_PRECOMPILE_PREFIX_HEADER = YES;
				GCC_PREFIX_HEADER = "ChildTube/ChildTube-Prefix.pch";
				INFOPLIST_FILE = "ChildTube/ChildTube-Info.plist";
				IPHONEOS_DEPLOYMENT_TARGET = 7.0;
				LIBRARY_SEARCH_PATHS = "$(inherited)";
				OTHER_LDFLAGS = "$(inherited)";
				PRODUCT_NAME = "$(TARGET_NAME)";
				PROVISIONING_PROFILE = "";
				TARGETED_DEVICE_FAMILY = "1,2";
				WRAPPER_EXTENSION = app;
			};
			name = Release;
		};
		76EE1B2918F1754A0040FA71 /* Debug */ = {
			isa = XCBuildConfiguration;
			buildSettings = {
				BUNDLE_LOADER = "$(BUILT_PRODUCTS_DIR)/ChildTube.app/ChildTube";
				FRAMEWORK_SEARCH_PATHS = (
					"$(SDKROOT)/Developer/Library/Frameworks",
					"$(inherited)",
					"$(DEVELOPER_FRAMEWORKS_DIR)",
				);
				GCC_PRECOMPILE_PREFIX_HEADER = YES;
				GCC_PREFIX_HEADER = "ChildTube/ChildTube-Prefix.pch";
				GCC_PREPROCESSOR_DEFINITIONS = (
					"DEBUG=1",
					"$(inherited)",
				);
				INFOPLIST_FILE = "ChildTubeTests/ChildTubeTests-Info.plist";
				PRODUCT_NAME = "$(TARGET_NAME)";
				TEST_HOST = "$(BUNDLE_LOADER)";
				WRAPPER_EXTENSION = xctest;
			};
			name = Debug;
		};
		76EE1B2A18F1754A0040FA71 /* Release */ = {
			isa = XCBuildConfiguration;
			buildSettings = {
				BUNDLE_LOADER = "$(BUILT_PRODUCTS_DIR)/ChildTube.app/ChildTube";
				FRAMEWORK_SEARCH_PATHS = (
					"$(SDKROOT)/Developer/Library/Frameworks",
					"$(inherited)",
					"$(DEVELOPER_FRAMEWORKS_DIR)",
				);
				GCC_PRECOMPILE_PREFIX_HEADER = YES;
				GCC_PREFIX_HEADER = "ChildTube/ChildTube-Prefix.pch";
				INFOPLIST_FILE = "ChildTubeTests/ChildTubeTests-Info.plist";
				PRODUCT_NAME = "$(TARGET_NAME)";
				TEST_HOST = "$(BUNDLE_LOADER)";
				WRAPPER_EXTENSION = xctest;
			};
			name = Release;
		};
/* End XCBuildConfiguration section */

/* Begin XCConfigurationList section */
		7667347F1B7353700017CE58 /* Build configuration list for PBXAggregateTarget "Mogenerator" */ = {
			isa = XCConfigurationList;
			buildConfigurations = (
				766734801B7353700017CE58 /* Debug */,
				766734811B7353700017CE58 /* Release */,
			);
			defaultConfigurationIsVisible = 0;
			defaultConfigurationName = Release;
		};
		76EE1AF418F175490040FA71 /* Build configuration list for PBXProject "ChildTube" */ = {
			isa = XCConfigurationList;
			buildConfigurations = (
				76EE1B2318F1754A0040FA71 /* Debug */,
				76EE1B2418F1754A0040FA71 /* Release */,
			);
			defaultConfigurationIsVisible = 0;
			defaultConfigurationName = Release;
		};
		76EE1B2518F1754A0040FA71 /* Build configuration list for PBXNativeTarget "ChildTube" */ = {
			isa = XCConfigurationList;
			buildConfigurations = (
				76EE1B2618F1754A0040FA71 /* Debug */,
				76EE1B2718F1754A0040FA71 /* Release */,
			);
			defaultConfigurationIsVisible = 0;
			defaultConfigurationName = Release;
		};
		76EE1B2818F1754A0040FA71 /* Build configuration list for PBXNativeTarget "ChildTubeTests" */ = {
			isa = XCConfigurationList;
			buildConfigurations = (
				76EE1B2918F1754A0040FA71 /* Debug */,
				76EE1B2A18F1754A0040FA71 /* Release */,
			);
			defaultConfigurationIsVisible = 0;
			defaultConfigurationName = Release;
		};
/* End XCConfigurationList section */

/* Begin XCVersionGroup section */
		766734371B734C330017CE58 /* EntityModel.xcdatamodeld */ = {
			isa = XCVersionGroup;
			children = (
				766734381B734C330017CE58 /* EntityModel.xcdatamodel */,
			);
			currentVersion = 766734381B734C330017CE58 /* EntityModel.xcdatamodel */;
			path = EntityModel.xcdatamodeld;
			sourceTree = "<group>";
			versionGroupType = wrapper.xcdatamodel;
		};
/* End XCVersionGroup section */
	};
	rootObject = 76EE1AF118F175490040FA71 /* Project object */;
}
